
Microsoft Visual Studio Solution File, Format Version 12.00
# Visual Studio Version 17
VisualStudioVersion = 17.5.33516.290
MinimumVisualStudioVersion = 10.0.40219.1
Project("{FAE04EC0-301F-11D3-BF4B-00C04F79EFBC}") = "NetNthFibonacci", "NetNthFibonacci\NetNthFibonacci.csproj", "{EB67CF22-8DB8-4328-AF0E-D8F401FF5FC4}"
EndProject
Global
	GlobalSection(SolutionConfigurationPlatforms) = preSolution
		Debug|Any CPU = Debug|Any CPU
		Release|Any CPU = Release|Any CPU
	EndGlobalSection
	GlobalSection(ProjectConfigurationPlatforms) = postSolution
		{EB67CF22-8DB8-4328-AF0E-D8F401FF5FC4}.Debug|Any CPU.ActiveCfg = Debug|Any CPU
		{EB67CF22-8DB8-4328-AF0E-D8F401FF5FC4}.Debug|Any CPU.Build.0 = Debug|Any CPU
		{EB67CF22-8DB8-4328-AF0E-D8F401FF5FC4}.Release|Any CPU.ActiveCfg = Release|Any CPU
		{EB67CF22-8DB8-4328-AF0E-D8F401FF5FC4}.Release|Any CPU.Build.0 = Release|Any CPU
	EndGlobalSection
	GlobalSection(SolutionProperties) = preSolution
		HideSolutionNode = FALSE
	EndGlobalSection
	GlobalSection(ExtensibilityGlobals) = postSolution
		SolutionGuid = {98A17378-D74D-46C1-952A-3029BA5D4AB3}
	EndGlobalSection
EndGlobal
